// !$*UTF8*$!
{
	archiveVersion = 1;
	classes = {
	};
	objectVersion = 46;
	objects = {

/* Begin PBXBuildFile section */
		554D99391E903B5200E79BFA /* GNUstepGUI.h in Headers */ = {isa = PBXBuildFile; fileRef = 554D99371E903B5200E79BFA /* GNUstepGUI.h */; settings = {ATTRIBUTES = (Public, ); }; };
		554D99D31E903EAB00E79BFA /* GMAppKit.h in Headers */ = {isa = PBXBuildFile; fileRef = 554D99A11E903EAB00E79BFA /* GMAppKit.h */; settings = {ATTRIBUTES = (Public, ); }; };
		554D99D41E903EAB00E79BFA /* GMArchiver.h in Headers */ = {isa = PBXBuildFile; fileRef = 554D99A21E903EAB00E79BFA /* GMArchiver.h */; settings = {ATTRIBUTES = (Public, ); }; };
		554D99D51E903EAB00E79BFA /* GSAnimator.h in Headers */ = {isa = PBXBuildFile; fileRef = 554D99A31E903EAB00E79BFA /* GSAnimator.h */; settings = {ATTRIBUTES = (Public, ); }; };
		554D99D61E903EAB00E79BFA /* GSCharacterPanel.h in Headers */ = {isa = PBXBuildFile; fileRef = 554D99A41E903EAB00E79BFA /* GSCharacterPanel.h */; settings = {ATTRIBUTES = (Public, ); }; };
		554D99D71E903EAB00E79BFA /* GSDisplayServer.h in Headers */ = {isa = PBXBuildFile; fileRef = 554D99A51E903EAB00E79BFA /* GSDisplayServer.h */; settings = {ATTRIBUTES = (Public, ); }; };
		554D99D81E903EAB00E79BFA /* GSDragView.h in Headers */ = {isa = PBXBuildFile; fileRef = 554D99A61E903EAB00E79BFA /* GSDragView.h */; settings = {ATTRIBUTES = (Public, ); }; };
		554D99D91E903EAB00E79BFA /* GSEPSPrintOperation.h in Headers */ = {isa = PBXBuildFile; fileRef = 554D99A71E903EAB00E79BFA /* GSEPSPrintOperation.h */; settings = {ATTRIBUTES = (Public, ); }; };
		554D99DA1E903EAB00E79BFA /* GSFontInfo.h in Headers */ = {isa = PBXBuildFile; fileRef = 554D99A81E903EAB00E79BFA /* GSFontInfo.h */; settings = {ATTRIBUTES = (Public, ); }; };
		554D99DB1E903EAB00E79BFA /* GSGhostscriptImageRep.h in Headers */ = {isa = PBXBuildFile; fileRef = 554D99A91E903EAB00E79BFA /* GSGhostscriptImageRep.h */; settings = {ATTRIBUTES = (Public, ); }; };
		554D99DC1E903EAB00E79BFA /* GSGormLoading.h in Headers */ = {isa = PBXBuildFile; fileRef = 554D99AA1E903EAB00E79BFA /* GSGormLoading.h */; settings = {ATTRIBUTES = (Public, ); }; };
		554D99DD1E903EAB00E79BFA /* GSHbox.h in Headers */ = {isa = PBXBuildFile; fileRef = 554D99AB1E903EAB00E79BFA /* GSHbox.h */; settings = {ATTRIBUTES = (Public, ); }; };
		554D99DE1E903EAB00E79BFA /* GSHelpAttachment.h in Headers */ = {isa = PBXBuildFile; fileRef = 554D99AC1E903EAB00E79BFA /* GSHelpAttachment.h */; settings = {ATTRIBUTES = (Public, ); }; };
		554D99DF1E903EAB00E79BFA /* GSHelpManagerPanel.h in Headers */ = {isa = PBXBuildFile; fileRef = 554D99AD1E903EAB00E79BFA /* GSHelpManagerPanel.h */; settings = {ATTRIBUTES = (Public, ); }; };
		554D99E01E903EAB00E79BFA /* GSHorizontalTypesetter.h in Headers */ = {isa = PBXBuildFile; fileRef = 554D99AE1E903EAB00E79BFA /* GSHorizontalTypesetter.h */; settings = {ATTRIBUTES = (Public, ); }; };
		554D99E11E903EAB00E79BFA /* GSImageMagickImageRep.h in Headers */ = {isa = PBXBuildFile; fileRef = 554D99AF1E903EAB00E79BFA /* GSImageMagickImageRep.h */; settings = {ATTRIBUTES = (Public, ); }; };
		554D99E21E903EAB00E79BFA /* GSInfoPanel.h in Headers */ = {isa = PBXBuildFile; fileRef = 554D99B01E903EAB00E79BFA /* GSInfoPanel.h */; settings = {ATTRIBUTES = (Public, ); }; };
		554D99E31E903EAB00E79BFA /* GSInstantiator.h in Headers */ = {isa = PBXBuildFile; fileRef = 554D99B11E903EAB00E79BFA /* GSInstantiator.h */; settings = {ATTRIBUTES = (Public, ); }; };
		554D99E41E903EAB00E79BFA /* GSLayoutManager.h in Headers */ = {isa = PBXBuildFile; fileRef = 554D99B21E903EAB00E79BFA /* GSLayoutManager.h */; settings = {ATTRIBUTES = (Public, ); }; };
		554D99E51E903EAB00E79BFA /* GSLayoutManager_internal.h in Headers */ = {isa = PBXBuildFile; fileRef = 554D99B31E903EAB00E79BFA /* GSLayoutManager_internal.h */; settings = {ATTRIBUTES = (Public, ); }; };
		554D99E61E903EAB00E79BFA /* GSMemoryPanel.h in Headers */ = {isa = PBXBuildFile; fileRef = 554D99B41E903EAB00E79BFA /* GSMemoryPanel.h */; settings = {ATTRIBUTES = (Public, ); }; };
		554D99E71E903EAB00E79BFA /* GSMethodTable.h in Headers */ = {isa = PBXBuildFile; fileRef = 554D99B51E903EAB00E79BFA /* GSMethodTable.h */; settings = {ATTRIBUTES = (Public, ); }; };
		554D99E81E903EAB00E79BFA /* GSModelLoaderFactory.h in Headers */ = {isa = PBXBuildFile; fileRef = 554D99B61E903EAB00E79BFA /* GSModelLoaderFactory.h */; settings = {ATTRIBUTES = (Public, ); }; };
		554D99E91E903EAB00E79BFA /* GSNibContainer.h in Headers */ = {isa = PBXBuildFile; fileRef = 554D99B71E903EAB00E79BFA /* GSNibContainer.h */; settings = {ATTRIBUTES = (Public, ); }; };
		554D99EA1E903EAB00E79BFA /* GSNibLoading.h in Headers */ = {isa = PBXBuildFile; fileRef = 554D99B81E903EAB00E79BFA /* GSNibLoading.h */; settings = {ATTRIBUTES = (Public, ); }; };
		554D99EB1E903EAB00E79BFA /* GSPasteboardServer.h in Headers */ = {isa = PBXBuildFile; fileRef = 554D99B91E903EAB00E79BFA /* GSPasteboardServer.h */; settings = {ATTRIBUTES = (Public, ); }; };
		554D99EC1E903EAB00E79BFA /* GSPDFPrintOperation.h in Headers */ = {isa = PBXBuildFile; fileRef = 554D99BA1E903EAB00E79BFA /* GSPDFPrintOperation.h */; settings = {ATTRIBUTES = (Public, ); }; };
		554D99ED1E903EAB00E79BFA /* GSPrinting.h in Headers */ = {isa = PBXBuildFile; fileRef = 554D99BB1E903EAB00E79BFA /* GSPrinting.h */; settings = {ATTRIBUTES = (Public, ); }; };
		554D99EE1E903EAB00E79BFA /* GSPrintOperation.h in Headers */ = {isa = PBXBuildFile; fileRef = 554D99BC1E903EAB00E79BFA /* GSPrintOperation.h */; settings = {ATTRIBUTES = (Public, ); }; };
		554D99EF1E903EAB00E79BFA /* GSServicesManager.h in Headers */ = {isa = PBXBuildFile; fileRef = 554D99BD1E903EAB00E79BFA /* GSServicesManager.h */; settings = {ATTRIBUTES = (Public, ); }; };
		554D99F01E903EAB00E79BFA /* GSSoundSink.h in Headers */ = {isa = PBXBuildFile; fileRef = 554D99BE1E903EAB00E79BFA /* GSSoundSink.h */; settings = {ATTRIBUTES = (Public, ); }; };
		554D99F11E903EAB00E79BFA /* GSSoundSource.h in Headers */ = {isa = PBXBuildFile; fileRef = 554D99BF1E903EAB00E79BFA /* GSSoundSource.h */; settings = {ATTRIBUTES = (Public, ); }; };
		554D99F21E903EAB00E79BFA /* GSTable.h in Headers */ = {isa = PBXBuildFile; fileRef = 554D99C01E903EAB00E79BFA /* GSTable.h */; settings = {ATTRIBUTES = (Public, ); }; };
		554D99F31E903EAB00E79BFA /* GSTextConverter.h in Headers */ = {isa = PBXBuildFile; fileRef = 554D99C11E903EAB00E79BFA /* GSTextConverter.h */; settings = {ATTRIBUTES = (Public, ); }; };
		554D99F41E903EAB00E79BFA /* GSTheme.h in Headers */ = {isa = PBXBuildFile; fileRef = 554D99C21E903EAB00E79BFA /* GSTheme.h */; settings = {ATTRIBUTES = (Public, ); }; };
		554D99F51E903EAB00E79BFA /* GSTitleView.h in Headers */ = {isa = PBXBuildFile; fileRef = 554D99C31E903EAB00E79BFA /* GSTitleView.h */; settings = {ATTRIBUTES = (Public, ); }; };
		554D99F61E903EAB00E79BFA /* GSToolbarView.h in Headers */ = {isa = PBXBuildFile; fileRef = 554D99C41E903EAB00E79BFA /* GSToolbarView.h */; settings = {ATTRIBUTES = (Public, ); }; };
		554D99F71E903EAB00E79BFA /* GSTrackingRect.h in Headers */ = {isa = PBXBuildFile; fileRef = 554D99C51E903EAB00E79BFA /* GSTrackingRect.h */; settings = {ATTRIBUTES = (Public, ); }; };
		554D99F81E903EAB00E79BFA /* GSTypesetter.h in Headers */ = {isa = PBXBuildFile; fileRef = 554D99C61E903EAB00E79BFA /* GSTypesetter.h */; settings = {ATTRIBUTES = (Public, ); }; };
		554D99F91E903EAB00E79BFA /* GSVbox.h in Headers */ = {isa = PBXBuildFile; fileRef = 554D99C71E903EAB00E79BFA /* GSVbox.h */; settings = {ATTRIBUTES = (Public, ); }; };
		554D99FB1E903EAB00E79BFA /* GSWindowDecorationView.h in Headers */ = {isa = PBXBuildFile; fileRef = 554D99C91E903EAB00E79BFA /* GSWindowDecorationView.h */; settings = {ATTRIBUTES = (Public, ); }; };
		554D99FC1E903EAB00E79BFA /* GSXibElement.h in Headers */ = {isa = PBXBuildFile; fileRef = 554D99CA1E903EAB00E79BFA /* GSXibElement.h */; settings = {ATTRIBUTES = (Public, ); }; };
		554D99FD1E903EAB00E79BFA /* GSXibLoading.h in Headers */ = {isa = PBXBuildFile; fileRef = 554D99CB1E903EAB00E79BFA /* GSXibLoading.h */; settings = {ATTRIBUTES = (Public, ); }; };
		554D99FE1E903EAB00E79BFA /* GSXibObjectContainer.h in Headers */ = {isa = PBXBuildFile; fileRef = 554D99CC1E903EAB00E79BFA /* GSXibObjectContainer.h */; settings = {ATTRIBUTES = (Public, ); }; };
		554D99FF1E903EAB00E79BFA /* GSXibParser.h in Headers */ = {isa = PBXBuildFile; fileRef = 554D99CD1E903EAB00E79BFA /* GSXibParser.h */; settings = {ATTRIBUTES = (Public, ); }; };
		554D9A001E903EAB00E79BFA /* IMConnectors.h in Headers */ = {isa = PBXBuildFile; fileRef = 554D99CE1E903EAB00E79BFA /* IMConnectors.h */; settings = {ATTRIBUTES = (Public, ); }; };
		554D9A011E903EAB00E79BFA /* IMCustomObject.h in Headers */ = {isa = PBXBuildFile; fileRef = 554D99CF1E903EAB00E79BFA /* IMCustomObject.h */; settings = {ATTRIBUTES = (Public, ); }; };
		554D9A021E903EAB00E79BFA /* IMLoading.h in Headers */ = {isa = PBXBuildFile; fileRef = 554D99D01E903EAB00E79BFA /* IMLoading.h */; settings = {ATTRIBUTES = (Public, ); }; };
		554D9A0B1E90481C00E79BFA /* GMAppKit.m in Sources */ = {isa = PBXBuildFile; fileRef = 554D9A081E90481C00E79BFA /* GMAppKit.m */; };
		554D9A0C1E90481C00E79BFA /* GMArchiveObjects.m in Sources */ = {isa = PBXBuildFile; fileRef = 554D9A091E90481C00E79BFA /* GMArchiveObjects.m */; };
		554D9A0D1E90481C00E79BFA /* GMArchiver.m in Sources */ = {isa = PBXBuildFile; fileRef = 554D9A0A1E90481C00E79BFA /* GMArchiver.m */; };
		554D9A111E90489300E79BFA /* IMCustomObject.m in Sources */ = {isa = PBXBuildFile; fileRef = 554D9A0F1E90489300E79BFA /* IMCustomObject.m */; };
		554D9A121E90489300E79BFA /* IMLoading.m in Sources */ = {isa = PBXBuildFile; fileRef = 554D9A101E90489300E79BFA /* IMLoading.m */; };
		554D9A151E904A9700E79BFA /* GNUstepBase.framework in Frameworks */ = {isa = PBXBuildFile; fileRef = 554D9A141E904A9700E79BFA /* GNUstepBase.framework */; };
		554D9A1D1E904ABC00E79BFA /* Cocoa.framework in Frameworks */ = {isa = PBXBuildFile; fileRef = 554D9A1C1E904ABC00E79BFA /* Cocoa.framework */; };
		554D9A201E904C5A00E79BFA /* IMConnectors.h in Headers */ = {isa = PBXBuildFile; fileRef = 554D9A1E1E904C5A00E79BFA /* IMConnectors.h */; };
		554D9A211E904C5A00E79BFA /* IMConnectors.m in Sources */ = {isa = PBXBuildFile; fileRef = 554D9A1F1E904C5A00E79BFA /* IMConnectors.m */; };
		554D9A561E90784000E79BFA /* GSNibLoader.m in Sources */ = {isa = PBXBuildFile; fileRef = 554D9A541E90784000E79BFA /* GSNibLoader.m */; };
		554D9A5A1E9079E000E79BFA /* GSGormLoader.m in Sources */ = {isa = PBXBuildFile; fileRef = 554D9A581E9079E000E79BFA /* GSGormLoader.m */; };
		554D9A5B1E9079E000E79BFA /* GSGormLoading.m in Sources */ = {isa = PBXBuildFile; fileRef = 554D9A591E9079E000E79BFA /* GSGormLoading.m */; };
		554D9A5D1E907AB900E79BFA /* GSModelLoaderFactory.m in Sources */ = {isa = PBXBuildFile; fileRef = 554D9A5C1E907AB900E79BFA /* GSModelLoaderFactory.m */; };
		554D9A641E907FE300E79BFA /* GSNibLoading.m in Sources */ = {isa = PBXBuildFile; fileRef = 554D9A551E90784000E79BFA /* GSNibLoading.m */; };
		554D9A671E9084BF00E79BFA /* NSView+GSExtensions.h in Headers */ = {isa = PBXBuildFile; fileRef = 554D9A651E9084BF00E79BFA /* NSView+GSExtensions.h */; settings = {ATTRIBUTES = (Public, ); }; };
		554D9A681E9084BF00E79BFA /* NSView+GSExtensions.m in Sources */ = {isa = PBXBuildFile; fileRef = 554D9A661E9084BF00E79BFA /* NSView+GSExtensions.m */; };
/* End PBXBuildFile section */

/* Begin PBXFileReference section */
		554D99341E903B5200E79BFA /* GNUstepGUI.framework */ = {isa = PBXFileReference; explicitFileType = wrapper.framework; includeInIndex = 0; path = GNUstepGUI.framework; sourceTree = BUILT_PRODUCTS_DIR; };
		554D99371E903B5200E79BFA /* GNUstepGUI.h */ = {isa = PBXFileReference; lastKnownFileType = sourcecode.c.h; path = GNUstepGUI.h; sourceTree = "<group>"; };
		554D99381E903B5200E79BFA /* Info.plist */ = {isa = PBXFileReference; lastKnownFileType = text.plist.xml; path = Info.plist; sourceTree = "<group>"; };
		554D99A01E903EAB00E79BFA /* config.h.in */ = {isa = PBXFileReference; fileEncoding = 4; lastKnownFileType = text; path = config.h.in; sourceTree = "<group>"; };
		554D99A11E903EAB00E79BFA /* GMAppKit.h */ = {isa = PBXFileReference; fileEncoding = 4; lastKnownFileType = sourcecode.c.h; path = GMAppKit.h; sourceTree = "<group>"; };
		554D99A21E903EAB00E79BFA /* GMArchiver.h */ = {isa = PBXFileReference; fileEncoding = 4; lastKnownFileType = sourcecode.c.h; path = GMArchiver.h; sourceTree = "<group>"; };
		554D99A31E903EAB00E79BFA /* GSAnimator.h */ = {isa = PBXFileReference; fileEncoding = 4; lastKnownFileType = sourcecode.c.h; path = GSAnimator.h; sourceTree = "<group>"; };
		554D99A41E903EAB00E79BFA /* GSCharacterPanel.h */ = {isa = PBXFileReference; fileEncoding = 4; lastKnownFileType = sourcecode.c.h; path = GSCharacterPanel.h; sourceTree = "<group>"; };
		554D99A51E903EAB00E79BFA /* GSDisplayServer.h */ = {isa = PBXFileReference; fileEncoding = 4; lastKnownFileType = sourcecode.c.h; path = GSDisplayServer.h; sourceTree = "<group>"; };
		554D99A61E903EAB00E79BFA /* GSDragView.h */ = {isa = PBXFileReference; fileEncoding = 4; lastKnownFileType = sourcecode.c.h; path = GSDragView.h; sourceTree = "<group>"; };
		554D99A71E903EAB00E79BFA /* GSEPSPrintOperation.h */ = {isa = PBXFileReference; fileEncoding = 4; lastKnownFileType = sourcecode.c.h; path = GSEPSPrintOperation.h; sourceTree = "<group>"; };
		554D99A81E903EAB00E79BFA /* GSFontInfo.h */ = {isa = PBXFileReference; fileEncoding = 4; lastKnownFileType = sourcecode.c.h; path = GSFontInfo.h; sourceTree = "<group>"; };
		554D99A91E903EAB00E79BFA /* GSGhostscriptImageRep.h */ = {isa = PBXFileReference; fileEncoding = 4; lastKnownFileType = sourcecode.c.h; path = GSGhostscriptImageRep.h; sourceTree = "<group>"; };
		554D99AA1E903EAB00E79BFA /* GSGormLoading.h */ = {isa = PBXFileReference; fileEncoding = 4; lastKnownFileType = sourcecode.c.h; path = GSGormLoading.h; sourceTree = "<group>"; };
		554D99AB1E903EAB00E79BFA /* GSHbox.h */ = {isa = PBXFileReference; fileEncoding = 4; lastKnownFileType = sourcecode.c.h; path = GSHbox.h; sourceTree = "<group>"; };
		554D99AC1E903EAB00E79BFA /* GSHelpAttachment.h */ = {isa = PBXFileReference; fileEncoding = 4; lastKnownFileType = sourcecode.c.h; path = GSHelpAttachment.h; sourceTree = "<group>"; };
		554D99AD1E903EAB00E79BFA /* GSHelpManagerPanel.h */ = {isa = PBXFileReference; fileEncoding = 4; lastKnownFileType = sourcecode.c.h; path = GSHelpManagerPanel.h; sourceTree = "<group>"; };
		554D99AE1E903EAB00E79BFA /* GSHorizontalTypesetter.h */ = {isa = PBXFileReference; fileEncoding = 4; lastKnownFileType = sourcecode.c.h; path = GSHorizontalTypesetter.h; sourceTree = "<group>"; };
		554D99AF1E903EAB00E79BFA /* GSImageMagickImageRep.h */ = {isa = PBXFileReference; fileEncoding = 4; lastKnownFileType = sourcecode.c.h; path = GSImageMagickImageRep.h; sourceTree = "<group>"; };
		554D99B01E903EAB00E79BFA /* GSInfoPanel.h */ = {isa = PBXFileReference; fileEncoding = 4; lastKnownFileType = sourcecode.c.h; path = GSInfoPanel.h; sourceTree = "<group>"; };
		554D99B11E903EAB00E79BFA /* GSInstantiator.h */ = {isa = PBXFileReference; fileEncoding = 4; lastKnownFileType = sourcecode.c.h; path = GSInstantiator.h; sourceTree = "<group>"; };
		554D99B21E903EAB00E79BFA /* GSLayoutManager.h */ = {isa = PBXFileReference; fileEncoding = 4; lastKnownFileType = sourcecode.c.h; path = GSLayoutManager.h; sourceTree = "<group>"; };
		554D99B31E903EAB00E79BFA /* GSLayoutManager_internal.h */ = {isa = PBXFileReference; fileEncoding = 4; lastKnownFileType = sourcecode.c.h; path = GSLayoutManager_internal.h; sourceTree = "<group>"; };
		554D99B41E903EAB00E79BFA /* GSMemoryPanel.h */ = {isa = PBXFileReference; fileEncoding = 4; lastKnownFileType = sourcecode.c.h; path = GSMemoryPanel.h; sourceTree = "<group>"; };
		554D99B51E903EAB00E79BFA /* GSMethodTable.h */ = {isa = PBXFileReference; fileEncoding = 4; lastKnownFileType = sourcecode.c.h; path = GSMethodTable.h; sourceTree = "<group>"; };
		554D99B61E903EAB00E79BFA /* GSModelLoaderFactory.h */ = {isa = PBXFileReference; fileEncoding = 4; lastKnownFileType = sourcecode.c.h; path = GSModelLoaderFactory.h; sourceTree = "<group>"; };
		554D99B71E903EAB00E79BFA /* GSNibContainer.h */ = {isa = PBXFileReference; fileEncoding = 4; lastKnownFileType = sourcecode.c.h; path = GSNibContainer.h; sourceTree = "<group>"; };
		554D99B81E903EAB00E79BFA /* GSNibLoading.h */ = {isa = PBXFileReference; fileEncoding = 4; lastKnownFileType = sourcecode.c.h; path = GSNibLoading.h; sourceTree = "<group>"; };
		554D99B91E903EAB00E79BFA /* GSPasteboardServer.h */ = {isa = PBXFileReference; fileEncoding = 4; lastKnownFileType = sourcecode.c.h; path = GSPasteboardServer.h; sourceTree = "<group>"; };
		554D99BA1E903EAB00E79BFA /* GSPDFPrintOperation.h */ = {isa = PBXFileReference; fileEncoding = 4; lastKnownFileType = sourcecode.c.h; path = GSPDFPrintOperation.h; sourceTree = "<group>"; };
		554D99BB1E903EAB00E79BFA /* GSPrinting.h */ = {isa = PBXFileReference; fileEncoding = 4; lastKnownFileType = sourcecode.c.h; path = GSPrinting.h; sourceTree = "<group>"; };
		554D99BC1E903EAB00E79BFA /* GSPrintOperation.h */ = {isa = PBXFileReference; fileEncoding = 4; lastKnownFileType = sourcecode.c.h; path = GSPrintOperation.h; sourceTree = "<group>"; };
		554D99BD1E903EAB00E79BFA /* GSServicesManager.h */ = {isa = PBXFileReference; fileEncoding = 4; lastKnownFileType = sourcecode.c.h; path = GSServicesManager.h; sourceTree = "<group>"; };
		554D99BE1E903EAB00E79BFA /* GSSoundSink.h */ = {isa = PBXFileReference; fileEncoding = 4; lastKnownFileType = sourcecode.c.h; path = GSSoundSink.h; sourceTree = "<group>"; };
		554D99BF1E903EAB00E79BFA /* GSSoundSource.h */ = {isa = PBXFileReference; fileEncoding = 4; lastKnownFileType = sourcecode.c.h; path = GSSoundSource.h; sourceTree = "<group>"; };
		554D99C01E903EAB00E79BFA /* GSTable.h */ = {isa = PBXFileReference; fileEncoding = 4; lastKnownFileType = sourcecode.c.h; path = GSTable.h; sourceTree = "<group>"; };
		554D99C11E903EAB00E79BFA /* GSTextConverter.h */ = {isa = PBXFileReference; fileEncoding = 4; lastKnownFileType = sourcecode.c.h; path = GSTextConverter.h; sourceTree = "<group>"; };
		554D99C21E903EAB00E79BFA /* GSTheme.h */ = {isa = PBXFileReference; fileEncoding = 4; lastKnownFileType = sourcecode.c.h; path = GSTheme.h; sourceTree = "<group>"; };
		554D99C31E903EAB00E79BFA /* GSTitleView.h */ = {isa = PBXFileReference; fileEncoding = 4; lastKnownFileType = sourcecode.c.h; path = GSTitleView.h; sourceTree = "<group>"; };
		554D99C41E903EAB00E79BFA /* GSToolbarView.h */ = {isa = PBXFileReference; fileEncoding = 4; lastKnownFileType = sourcecode.c.h; path = GSToolbarView.h; sourceTree = "<group>"; };
		554D99C51E903EAB00E79BFA /* GSTrackingRect.h */ = {isa = PBXFileReference; fileEncoding = 4; lastKnownFileType = sourcecode.c.h; path = GSTrackingRect.h; sourceTree = "<group>"; };
		554D99C61E903EAB00E79BFA /* GSTypesetter.h */ = {isa = PBXFileReference; fileEncoding = 4; lastKnownFileType = sourcecode.c.h; path = GSTypesetter.h; sourceTree = "<group>"; };
		554D99C71E903EAB00E79BFA /* GSVbox.h */ = {isa = PBXFileReference; fileEncoding = 4; lastKnownFileType = sourcecode.c.h; path = GSVbox.h; sourceTree = "<group>"; };
		554D99C81E903EAB00E79BFA /* GSVersion.h.in */ = {isa = PBXFileReference; fileEncoding = 4; lastKnownFileType = text; path = GSVersion.h.in; sourceTree = "<group>"; };
		554D99C91E903EAB00E79BFA /* GSWindowDecorationView.h */ = {isa = PBXFileReference; fileEncoding = 4; lastKnownFileType = sourcecode.c.h; path = GSWindowDecorationView.h; sourceTree = "<group>"; };
		554D99CA1E903EAB00E79BFA /* GSXibElement.h */ = {isa = PBXFileReference; fileEncoding = 4; lastKnownFileType = sourcecode.c.h; path = GSXibElement.h; sourceTree = "<group>"; };
		554D99CB1E903EAB00E79BFA /* GSXibLoading.h */ = {isa = PBXFileReference; fileEncoding = 4; lastKnownFileType = sourcecode.c.h; path = GSXibLoading.h; sourceTree = "<group>"; };
		554D99CC1E903EAB00E79BFA /* GSXibObjectContainer.h */ = {isa = PBXFileReference; fileEncoding = 4; lastKnownFileType = sourcecode.c.h; path = GSXibObjectContainer.h; sourceTree = "<group>"; };
		554D99CD1E903EAB00E79BFA /* GSXibParser.h */ = {isa = PBXFileReference; fileEncoding = 4; lastKnownFileType = sourcecode.c.h; path = GSXibParser.h; sourceTree = "<group>"; };
		554D99CE1E903EAB00E79BFA /* IMConnectors.h */ = {isa = PBXFileReference; fileEncoding = 4; lastKnownFileType = sourcecode.c.h; path = IMConnectors.h; sourceTree = "<group>"; };
		554D99CF1E903EAB00E79BFA /* IMCustomObject.h */ = {isa = PBXFileReference; fileEncoding = 4; lastKnownFileType = sourcecode.c.h; path = IMCustomObject.h; sourceTree = "<group>"; };
		554D99D01E903EAB00E79BFA /* IMLoading.h */ = {isa = PBXFileReference; fileEncoding = 4; lastKnownFileType = sourcecode.c.h; path = IMLoading.h; sourceTree = "<group>"; };
		554D9A081E90481C00E79BFA /* GMAppKit.m */ = {isa = PBXFileReference; fileEncoding = 4; lastKnownFileType = sourcecode.c.objc; path = GMAppKit.m; sourceTree = "<group>"; };
		554D9A091E90481C00E79BFA /* GMArchiveObjects.m */ = {isa = PBXFileReference; fileEncoding = 4; lastKnownFileType = sourcecode.c.objc; path = GMArchiveObjects.m; sourceTree = "<group>"; };
		554D9A0A1E90481C00E79BFA /* GMArchiver.m */ = {isa = PBXFileReference; fileEncoding = 4; lastKnownFileType = sourcecode.c.objc; path = GMArchiver.m; sourceTree = "<group>"; };
		554D9A0F1E90489300E79BFA /* IMCustomObject.m */ = {isa = PBXFileReference; fileEncoding = 4; lastKnownFileType = sourcecode.c.objc; path = IMCustomObject.m; sourceTree = "<group>"; };
		554D9A101E90489300E79BFA /* IMLoading.m */ = {isa = PBXFileReference; fileEncoding = 4; lastKnownFileType = sourcecode.c.objc; path = IMLoading.m; sourceTree = "<group>"; };
		554D9A141E904A9700E79BFA /* GNUstepBase.framework */ = {isa = PBXFileReference; lastKnownFileType = wrapper.framework; name = GNUstepBase.framework; path = "../../../../../Library/Developer/Xcode/DerivedData/MacGorm-byspabirheaxrqaepxuyyvhwijwp/Build/Products/Debug/GNUstepBase.framework"; sourceTree = "<group>"; };
		554D9A161E904AAB00E79BFA /* AppKit.framework */ = {isa = PBXFileReference; lastKnownFileType = wrapper.framework; name = AppKit.framework; path = System/Library/Frameworks/AppKit.framework; sourceTree = SDKROOT; };
		554D9A181E904AB200E79BFA /* CoreFoundation.framework */ = {isa = PBXFileReference; lastKnownFileType = wrapper.framework; name = CoreFoundation.framework; path = System/Library/Frameworks/CoreFoundation.framework; sourceTree = SDKROOT; };
		554D9A191E904AB200E79BFA /* Foundation.framework */ = {isa = PBXFileReference; lastKnownFileType = wrapper.framework; name = Foundation.framework; path = System/Library/Frameworks/Foundation.framework; sourceTree = SDKROOT; };
		554D9A1C1E904ABC00E79BFA /* Cocoa.framework */ = {isa = PBXFileReference; lastKnownFileType = wrapper.framework; name = Cocoa.framework; path = System/Library/Frameworks/Cocoa.framework; sourceTree = SDKROOT; };
		554D9A1E1E904C5A00E79BFA /* IMConnectors.h */ = {isa = PBXFileReference; fileEncoding = 4; lastKnownFileType = sourcecode.c.h; path = IMConnectors.h; sourceTree = "<group>"; };
		554D9A1F1E904C5A00E79BFA /* IMConnectors.m */ = {isa = PBXFileReference; fileEncoding = 4; lastKnownFileType = sourcecode.c.objc; path = IMConnectors.m; sourceTree = "<group>"; };
		554D9A541E90784000E79BFA /* GSNibLoader.m */ = {isa = PBXFileReference; fileEncoding = 4; lastKnownFileType = sourcecode.c.objc; path = GSNibLoader.m; sourceTree = "<group>"; };
		554D9A551E90784000E79BFA /* GSNibLoading.m */ = {isa = PBXFileReference; fileEncoding = 4; indentWidth = 2; lastKnownFileType = sourcecode.c.objc; path = GSNibLoading.m; sourceTree = "<group>"; usesTabs = 0; };
		554D9A581E9079E000E79BFA /* GSGormLoader.m */ = {isa = PBXFileReference; fileEncoding = 4; lastKnownFileType = sourcecode.c.objc; path = GSGormLoader.m; sourceTree = "<group>"; };
		554D9A591E9079E000E79BFA /* GSGormLoading.m */ = {isa = PBXFileReference; fileEncoding = 4; lastKnownFileType = sourcecode.c.objc; path = GSGormLoading.m; sourceTree = "<group>"; };
		554D9A5C1E907AB900E79BFA /* GSModelLoaderFactory.m */ = {isa = PBXFileReference; fileEncoding = 4; lastKnownFileType = sourcecode.c.objc; path = GSModelLoaderFactory.m; sourceTree = "<group>"; };
		554D9A651E9084BF00E79BFA /* NSView+GSExtensions.h */ = {isa = PBXFileReference; fileEncoding = 4; lastKnownFileType = sourcecode.c.h; path = "NSView+GSExtensions.h"; sourceTree = "<group>"; };
		554D9A661E9084BF00E79BFA /* NSView+GSExtensions.m */ = {isa = PBXFileReference; fileEncoding = 4; lastKnownFileType = sourcecode.c.objc; path = "NSView+GSExtensions.m"; sourceTree = "<group>"; };
/* End PBXFileReference section */

/* Begin PBXFrameworksBuildPhase section */
		554D99301E903B5200E79BFA /* Frameworks */ = {
			isa = PBXFrameworksBuildPhase;
			buildActionMask = 2147483647;
			files = (
				554D9A1D1E904ABC00E79BFA /* Cocoa.framework in Frameworks */,
				554D9A151E904A9700E79BFA /* GNUstepBase.framework in Frameworks */,
			);
			runOnlyForDeploymentPostprocessing = 0;
		};
/* End PBXFrameworksBuildPhase section */

/* Begin PBXGroup section */
		554D992A1E903B5200E79BFA = {
			isa = PBXGroup;
			children = (
				554D99361E903B5200E79BFA /* GNUstepGUI */,
				554D9A131E904A9700E79BFA /* Frameworks */,
				554D99351E903B5200E79BFA /* Products */,
			);
			sourceTree = "<group>";
		};
		554D99351E903B5200E79BFA /* Products */ = {
			isa = PBXGroup;
			children = (
				554D99341E903B5200E79BFA /* GNUstepGUI.framework */,
			);
			name = Products;
			sourceTree = "<group>";
		};
		554D99361E903B5200E79BFA /* GNUstepGUI */ = {
			isa = PBXGroup;
			children = (
				554D999E1E903EAB00E79BFA /* Headers */,
				554D9A071E90461A00E79BFA /* Classes */,
				554D99371E903B5200E79BFA /* GNUstepGUI.h */,
				554D99381E903B5200E79BFA /* Info.plist */,
				554D9A651E9084BF00E79BFA /* NSView+GSExtensions.h */,
				554D9A661E9084BF00E79BFA /* NSView+GSExtensions.m */,
			);
			path = GNUstepGUI;
			sourceTree = "<group>";
		};
		554D999E1E903EAB00E79BFA /* Headers */ = {
			isa = PBXGroup;
			children = (
				554D99A01E903EAB00E79BFA /* config.h.in */,
				554D99A11E903EAB00E79BFA /* GMAppKit.h */,
				554D99A21E903EAB00E79BFA /* GMArchiver.h */,
				554D99A31E903EAB00E79BFA /* GSAnimator.h */,
				554D99A41E903EAB00E79BFA /* GSCharacterPanel.h */,
				554D99A51E903EAB00E79BFA /* GSDisplayServer.h */,
				554D99A61E903EAB00E79BFA /* GSDragView.h */,
				554D99A71E903EAB00E79BFA /* GSEPSPrintOperation.h */,
				554D99A81E903EAB00E79BFA /* GSFontInfo.h */,
				554D99A91E903EAB00E79BFA /* GSGhostscriptImageRep.h */,
				554D99AA1E903EAB00E79BFA /* GSGormLoading.h */,
				554D99AB1E903EAB00E79BFA /* GSHbox.h */,
				554D99AC1E903EAB00E79BFA /* GSHelpAttachment.h */,
				554D99AD1E903EAB00E79BFA /* GSHelpManagerPanel.h */,
				554D99AE1E903EAB00E79BFA /* GSHorizontalTypesetter.h */,
				554D99AF1E903EAB00E79BFA /* GSImageMagickImageRep.h */,
				554D99B01E903EAB00E79BFA /* GSInfoPanel.h */,
				554D99B11E903EAB00E79BFA /* GSInstantiator.h */,
				554D99B21E903EAB00E79BFA /* GSLayoutManager.h */,
				554D99B31E903EAB00E79BFA /* GSLayoutManager_internal.h */,
				554D99B41E903EAB00E79BFA /* GSMemoryPanel.h */,
				554D99B51E903EAB00E79BFA /* GSMethodTable.h */,
				554D99B61E903EAB00E79BFA /* GSModelLoaderFactory.h */,
				554D99B71E903EAB00E79BFA /* GSNibContainer.h */,
				554D99B81E903EAB00E79BFA /* GSNibLoading.h */,
				554D99B91E903EAB00E79BFA /* GSPasteboardServer.h */,
				554D99BA1E903EAB00E79BFA /* GSPDFPrintOperation.h */,
				554D99BB1E903EAB00E79BFA /* GSPrinting.h */,
				554D99BC1E903EAB00E79BFA /* GSPrintOperation.h */,
				554D99BD1E903EAB00E79BFA /* GSServicesManager.h */,
				554D99BE1E903EAB00E79BFA /* GSSoundSink.h */,
				554D99BF1E903EAB00E79BFA /* GSSoundSource.h */,
				554D99C01E903EAB00E79BFA /* GSTable.h */,
				554D99C11E903EAB00E79BFA /* GSTextConverter.h */,
				554D99C21E903EAB00E79BFA /* GSTheme.h */,
				554D99C31E903EAB00E79BFA /* GSTitleView.h */,
				554D99C41E903EAB00E79BFA /* GSToolbarView.h */,
				554D99C51E903EAB00E79BFA /* GSTrackingRect.h */,
				554D99C61E903EAB00E79BFA /* GSTypesetter.h */,
				554D99C71E903EAB00E79BFA /* GSVbox.h */,
				554D99C81E903EAB00E79BFA /* GSVersion.h.in */,
				554D99C91E903EAB00E79BFA /* GSWindowDecorationView.h */,
				554D99CA1E903EAB00E79BFA /* GSXibElement.h */,
				554D99CB1E903EAB00E79BFA /* GSXibLoading.h */,
				554D99CC1E903EAB00E79BFA /* GSXibObjectContainer.h */,
				554D99CD1E903EAB00E79BFA /* GSXibParser.h */,
				554D99CE1E903EAB00E79BFA /* IMConnectors.h */,
				554D99CF1E903EAB00E79BFA /* IMCustomObject.h */,
				554D99D01E903EAB00E79BFA /* IMLoading.h */,
			);
			name = Headers;
			path = ../../Headers/Additions/GNUstepGUI;
			sourceTree = "<group>";
		};
		554D9A071E90461A00E79BFA /* Classes */ = {
			isa = PBXGroup;
			children = (
				554D9A531E90782500E79BFA /* Source */,
				554D9A0E1E90482F00E79BFA /* Model */,
			);
			name = Classes;
			path = ../..;
			sourceTree = "<group>";
		};
		554D9A0E1E90482F00E79BFA /* Model */ = {
			isa = PBXGroup;
			children = (
				554D9A081E90481C00E79BFA /* GMAppKit.m */,
				554D9A091E90481C00E79BFA /* GMArchiveObjects.m */,
				554D9A0A1E90481C00E79BFA /* GMArchiver.m */,
				554D9A1E1E904C5A00E79BFA /* IMConnectors.h */,
				554D9A1F1E904C5A00E79BFA /* IMConnectors.m */,
				554D9A0F1E90489300E79BFA /* IMCustomObject.m */,
				554D9A101E90489300E79BFA /* IMLoading.m */,
			);
			path = Model;
			sourceTree = "<group>";
		};
		554D9A131E904A9700E79BFA /* Frameworks */ = {
			isa = PBXGroup;
			children = (
				554D9A1C1E904ABC00E79BFA /* Cocoa.framework */,
				554D9A181E904AB200E79BFA /* CoreFoundation.framework */,
				554D9A191E904AB200E79BFA /* Foundation.framework */,
				554D9A161E904AAB00E79BFA /* AppKit.framework */,
				554D9A141E904A9700E79BFA /* GNUstepBase.framework */,
			);
			name = Frameworks;
			sourceTree = "<group>";
		};
		554D9A531E90782500E79BFA /* Source */ = {
			isa = PBXGroup;
			children = (
				554D9A5C1E907AB900E79BFA /* GSModelLoaderFactory.m */,
				554D9A581E9079E000E79BFA /* GSGormLoader.m */,
				554D9A591E9079E000E79BFA /* GSGormLoading.m */,
				554D9A541E90784000E79BFA /* GSNibLoader.m */,
				554D9A551E90784000E79BFA /* GSNibLoading.m */,
			);
			path = Source;
			sourceTree = "<group>";
		};
/* End PBXGroup section */

/* Begin PBXHeadersBuildPhase section */
		554D99311E903B5200E79BFA /* Headers */ = {
			isa = PBXHeadersBuildPhase;
			buildActionMask = 2147483647;
			files = (
				554D99FF1E903EAB00E79BFA /* GSXibParser.h in Headers */,
				554D99EB1E903EAB00E79BFA /* GSPasteboardServer.h in Headers */,
				554D99E11E903EAB00E79BFA /* GSImageMagickImageRep.h in Headers */,
				554D99EE1E903EAB00E79BFA /* GSPrintOperation.h in Headers */,
				554D9A201E904C5A00E79BFA /* IMConnectors.h in Headers */,
				554D99D61E903EAB00E79BFA /* GSCharacterPanel.h in Headers */,
				554D9A021E903EAB00E79BFA /* IMLoading.h in Headers */,
				554D99E61E903EAB00E79BFA /* GSMemoryPanel.h in Headers */,
				554D99F21E903EAB00E79BFA /* GSTable.h in Headers */,
				554D99E31E903EAB00E79BFA /* GSInstantiator.h in Headers */,
				554D9A011E903EAB00E79BFA /* IMCustomObject.h in Headers */,
				554D99F91E903EAB00E79BFA /* GSVbox.h in Headers */,
				554D99E51E903EAB00E79BFA /* GSLayoutManager_internal.h in Headers */,
				554D99DD1E903EAB00E79BFA /* GSHbox.h in Headers */,
				554D99DF1E903EAB00E79BFA /* GSHelpManagerPanel.h in Headers */,
				554D99F51E903EAB00E79BFA /* GSTitleView.h in Headers */,
				554D99DE1E903EAB00E79BFA /* GSHelpAttachment.h in Headers */,
				554D99E41E903EAB00E79BFA /* GSLayoutManager.h in Headers */,
				554D99D81E903EAB00E79BFA /* GSDragView.h in Headers */,
				554D99D41E903EAB00E79BFA /* GMArchiver.h in Headers */,
				554D99D91E903EAB00E79BFA /* GSEPSPrintOperation.h in Headers */,
				554D99E91E903EAB00E79BFA /* GSNibContainer.h in Headers */,
				554D99F61E903EAB00E79BFA /* GSToolbarView.h in Headers */,
				554D99D71E903EAB00E79BFA /* GSDisplayServer.h in Headers */,
				554D99F41E903EAB00E79BFA /* GSTheme.h in Headers */,
				554D99EF1E903EAB00E79BFA /* GSServicesManager.h in Headers */,
				554D9A671E9084BF00E79BFA /* NSView+GSExtensions.h in Headers */,
				554D99FB1E903EAB00E79BFA /* GSWindowDecorationView.h in Headers */,
				554D99ED1E903EAB00E79BFA /* GSPrinting.h in Headers */,
				554D99EC1E903EAB00E79BFA /* GSPDFPrintOperation.h in Headers */,
				554D99F31E903EAB00E79BFA /* GSTextConverter.h in Headers */,
				554D99F01E903EAB00E79BFA /* GSSoundSink.h in Headers */,
				554D99FE1E903EAB00E79BFA /* GSXibObjectContainer.h in Headers */,
				554D99F81E903EAB00E79BFA /* GSTypesetter.h in Headers */,
				554D99DA1E903EAB00E79BFA /* GSFontInfo.h in Headers */,
				554D99FC1E903EAB00E79BFA /* GSXibElement.h in Headers */,
				554D99E81E903EAB00E79BFA /* GSModelLoaderFactory.h in Headers */,
				554D99391E903B5200E79BFA /* GNUstepGUI.h in Headers */,
				554D99E01E903EAB00E79BFA /* GSHorizontalTypesetter.h in Headers */,
				554D99DB1E903EAB00E79BFA /* GSGhostscriptImageRep.h in Headers */,
				554D99FD1E903EAB00E79BFA /* GSXibLoading.h in Headers */,
				554D99F11E903EAB00E79BFA /* GSSoundSource.h in Headers */,
				554D99E21E903EAB00E79BFA /* GSInfoPanel.h in Headers */,
				554D99E71E903EAB00E79BFA /* GSMethodTable.h in Headers */,
				554D99EA1E903EAB00E79BFA /* GSNibLoading.h in Headers */,
				554D99D31E903EAB00E79BFA /* GMAppKit.h in Headers */,
				554D99D51E903EAB00E79BFA /* GSAnimator.h in Headers */,
				554D99DC1E903EAB00E79BFA /* GSGormLoading.h in Headers */,
				554D9A001E903EAB00E79BFA /* IMConnectors.h in Headers */,
				554D99F71E903EAB00E79BFA /* GSTrackingRect.h in Headers */,
			);
			runOnlyForDeploymentPostprocessing = 0;
		};
/* End PBXHeadersBuildPhase section */

/* Begin PBXNativeTarget section */
		554D99331E903B5200E79BFA /* GNUstepGUI */ = {
			isa = PBXNativeTarget;
			buildConfigurationList = 554D993C1E903B5200E79BFA /* Build configuration list for PBXNativeTarget "GNUstepGUI" */;
			buildPhases = (
				554D992F1E903B5200E79BFA /* Sources */,
				554D99301E903B5200E79BFA /* Frameworks */,
				554D99311E903B5200E79BFA /* Headers */,
				554D99321E903B5200E79BFA /* Resources */,
			);
			buildRules = (
			);
			dependencies = (
			);
			name = GNUstepGUI;
			productName = GNUstepGUI;
			productReference = 554D99341E903B5200E79BFA /* GNUstepGUI.framework */;
			productType = "com.apple.product-type.framework";
		};
/* End PBXNativeTarget section */

/* Begin PBXProject section */
		554D992B1E903B5200E79BFA /* Project object */ = {
			isa = PBXProject;
			attributes = {
				LastUpgradeCheck = 0830;
				ORGANIZATIONNAME = "C.W. Betts";
				TargetAttributes = {
					554D99331E903B5200E79BFA = {
						CreatedOnToolsVersion = 8.3;
						ProvisioningStyle = Automatic;
					};
				};
			};
			buildConfigurationList = 554D992E1E903B5200E79BFA /* Build configuration list for PBXProject "GNUstepGUI" */;
			compatibilityVersion = "Xcode 3.2";
			developmentRegion = English;
			hasScannedForEncodings = 0;
			knownRegions = (
				en,
			);
			mainGroup = 554D992A1E903B5200E79BFA;
			productRefGroup = 554D99351E903B5200E79BFA /* Products */;
			projectDirPath = "";
			projectRoot = "";
			targets = (
				554D99331E903B5200E79BFA /* GNUstepGUI */,
			);
		};
/* End PBXProject section */

/* Begin PBXResourcesBuildPhase section */
		554D99321E903B5200E79BFA /* Resources */ = {
			isa = PBXResourcesBuildPhase;
			buildActionMask = 2147483647;
			files = (
			);
			runOnlyForDeploymentPostprocessing = 0;
		};
/* End PBXResourcesBuildPhase section */

/* Begin PBXSourcesBuildPhase section */
		554D992F1E903B5200E79BFA /* Sources */ = {
			isa = PBXSourcesBuildPhase;
			buildActionMask = 2147483647;
			files = (
				554D9A0B1E90481C00E79BFA /* GMAppKit.m in Sources */,
				554D9A211E904C5A00E79BFA /* IMConnectors.m in Sources */,
				554D9A0D1E90481C00E79BFA /* GMArchiver.m in Sources */,
				554D9A0C1E90481C00E79BFA /* GMArchiveObjects.m in Sources */,
				554D9A561E90784000E79BFA /* GSNibLoader.m in Sources */,
				554D9A681E9084BF00E79BFA /* NSView+GSExtensions.m in Sources */,
				554D9A121E90489300E79BFA /* IMLoading.m in Sources */,
				554D9A111E90489300E79BFA /* IMCustomObject.m in Sources */,
				554D9A5A1E9079E000E79BFA /* GSGormLoader.m in Sources */,
				554D9A641E907FE300E79BFA /* GSNibLoading.m in Sources */,
				554D9A5B1E9079E000E79BFA /* GSGormLoading.m in Sources */,
				554D9A5D1E907AB900E79BFA /* GSModelLoaderFactory.m in Sources */,
			);
			runOnlyForDeploymentPostprocessing = 0;
		};
/* End PBXSourcesBuildPhase section */

/* Begin XCBuildConfiguration section */
		554D993A1E903B5200E79BFA /* Debug */ = {
			isa = XCBuildConfiguration;
			buildSettings = {
				ALWAYS_SEARCH_USER_PATHS = NO;
				CLANG_ANALYZER_NONNULL = YES;
				CLANG_ANALYZER_NUMBER_OBJECT_CONVERSION = YES_AGGRESSIVE;
				CLANG_CXX_LANGUAGE_STANDARD = "gnu++0x";
				CLANG_CXX_LIBRARY = "libc++";
				CLANG_ENABLE_MODULES = YES;
				CLANG_WARN_BOOL_CONVERSION = YES;
				CLANG_WARN_CONSTANT_CONVERSION = YES;
				CLANG_WARN_DIRECT_OBJC_ISA_USAGE = YES_ERROR;
				CLANG_WARN_DOCUMENTATION_COMMENTS = YES;
				CLANG_WARN_EMPTY_BODY = YES;
				CLANG_WARN_ENUM_CONVERSION = YES;
				CLANG_WARN_INFINITE_RECURSION = YES;
				CLANG_WARN_INT_CONVERSION = YES;
				CLANG_WARN_OBJC_ROOT_CLASS = YES_ERROR;
				CLANG_WARN_SUSPICIOUS_MOVE = YES;
				CLANG_WARN_UNREACHABLE_CODE = YES;
				CLANG_WARN__DUPLICATE_METHOD_MATCH = YES;
				CODE_SIGN_IDENTITY = "-";
				COPY_PHASE_STRIP = NO;
				CURRENT_PROJECT_VERSION = 1;
				DEBUG_INFORMATION_FORMAT = dwarf;
				ENABLE_STRICT_OBJC_MSGSEND = YES;
				ENABLE_TESTABILITY = YES;
				GCC_C_LANGUAGE_STANDARD = gnu99;
				GCC_DYNAMIC_NO_PIC = NO;
				GCC_NO_COMMON_BLOCKS = YES;
				GCC_OPTIMIZATION_LEVEL = 0;
				GCC_PREPROCESSOR_DEFINITIONS = (
					"DEBUG=1",
					"$(inherited)",
				);
				GCC_WARN_64_TO_32_BIT_CONVERSION = YES;
				GCC_WARN_ABOUT_RETURN_TYPE = YES_ERROR;
				GCC_WARN_UNDECLARED_SELECTOR = YES;
				GCC_WARN_UNINITIALIZED_AUTOS = YES_AGGRESSIVE;
				GCC_WARN_UNUSED_FUNCTION = YES;
				GCC_WARN_UNUSED_VARIABLE = YES;
				MACOSX_DEPLOYMENT_TARGET = 10.12;
				MTL_ENABLE_DEBUG_INFO = YES;
				ONLY_ACTIVE_ARCH = YES;
				SDKROOT = macosx;
				VERSIONING_SYSTEM = "apple-generic";
				VERSION_INFO_PREFIX = "";
			};
			name = Debug;
		};
		554D993B1E903B5200E79BFA /* Release */ = {
			isa = XCBuildConfiguration;
			buildSettings = {
				ALWAYS_SEARCH_USER_PATHS = NO;
				CLANG_ANALYZER_NONNULL = YES;
				CLANG_ANALYZER_NUMBER_OBJECT_CONVERSION = YES_AGGRESSIVE;
				CLANG_CXX_LANGUAGE_STANDARD = "gnu++0x";
				CLANG_CXX_LIBRARY = "libc++";
				CLANG_ENABLE_MODULES = YES;
				CLANG_WARN_BOOL_CONVERSION = YES;
				CLANG_WARN_CONSTANT_CONVERSION = YES;
				CLANG_WARN_DIRECT_OBJC_ISA_USAGE = YES_ERROR;
				CLANG_WARN_DOCUMENTATION_COMMENTS = YES;
				CLANG_WARN_EMPTY_BODY = YES;
				CLANG_WARN_ENUM_CONVERSION = YES;
				CLANG_WARN_INFINITE_RECURSION = YES;
				CLANG_WARN_INT_CONVERSION = YES;
				CLANG_WARN_OBJC_ROOT_CLASS = YES_ERROR;
				CLANG_WARN_SUSPICIOUS_MOVE = YES;
				CLANG_WARN_UNREACHABLE_CODE = YES;
				CLANG_WARN__DUPLICATE_METHOD_MATCH = YES;
				CODE_SIGN_IDENTITY = "-";
				COPY_PHASE_STRIP = NO;
				CURRENT_PROJECT_VERSION = 1;
				DEBUG_INFORMATION_FORMAT = "dwarf-with-dsym";
				ENABLE_NS_ASSERTIONS = NO;
				ENABLE_STRICT_OBJC_MSGSEND = YES;
				GCC_C_LANGUAGE_STANDARD = gnu99;
				GCC_NO_COMMON_BLOCKS = YES;
				GCC_WARN_64_TO_32_BIT_CONVERSION = YES;
				GCC_WARN_ABOUT_RETURN_TYPE = YES_ERROR;
				GCC_WARN_UNDECLARED_SELECTOR = YES;
				GCC_WARN_UNINITIALIZED_AUTOS = YES_AGGRESSIVE;
				GCC_WARN_UNUSED_FUNCTION = YES;
				GCC_WARN_UNUSED_VARIABLE = YES;
				MACOSX_DEPLOYMENT_TARGET = 10.12;
				MTL_ENABLE_DEBUG_INFO = NO;
				SDKROOT = macosx;
				VERSIONING_SYSTEM = "apple-generic";
				VERSION_INFO_PREFIX = "";
			};
			name = Release;
		};
		554D993D1E903B5200E79BFA /* Debug */ = {
			isa = XCBuildConfiguration;
			buildSettings = {
				CODE_SIGN_IDENTITY = "";
				COMBINE_HIDPI_IMAGES = YES;
				DEFINES_MODULE = YES;
				DYLIB_COMPATIBILITY_VERSION = 1;
				DYLIB_CURRENT_VERSION = 1;
				DYLIB_INSTALL_NAME_BASE = "@rpath";
				FRAMEWORK_VERSION = A;
				GCC_PREPROCESSOR_DEFINITIONS = (
					"NeXT_RUNTIME=1",
					"$(inherited)",
				);
				INFOPLIST_FILE = GNUstepGUI/Info.plist;
				INSTALL_PATH = "$(LOCAL_LIBRARY_DIR)/Frameworks";
				LD_RUNPATH_SEARCH_PATHS = "$(inherited) @executable_path/../Frameworks @loader_path/Frameworks";
				PRODUCT_BUNDLE_IDENTIFIER = org.gnustep.GNUstepGUI;
				PRODUCT_NAME = "$(TARGET_NAME)";
				SKIP_INSTALL = YES;
				WARNING_CFLAGS = "-Wno-objc-designated-initializers";
			};
			name = Debug;
		};
		554D993E1E903B5200E79BFA /* Release */ = {
			isa = XCBuildConfiguration;
			buildSettings = {
				CODE_SIGN_IDENTITY = "";
				COMBINE_HIDPI_IMAGES = YES;
				DEFINES_MODULE = YES;
				DYLIB_COMPATIBILITY_VERSION = 1;
				DYLIB_CURRENT_VERSION = 1;
				DYLIB_INSTALL_NAME_BASE = "@rpath";
				FRAMEWORK_VERSION = A;
				GCC_PREPROCESSOR_DEFINITIONS = (
					"NeXT_RUNTIME=1",
					"$(inherited)",
				);
				INFOPLIST_FILE = GNUstepGUI/Info.plist;
				INSTALL_PATH = "$(LOCAL_LIBRARY_DIR)/Frameworks";
				LD_RUNPATH_SEARCH_PATHS = "$(inherited) @executable_path/../Frameworks @loader_path/Frameworks";
				PRODUCT_BUNDLE_IDENTIFIER = org.gnustep.GNUstepGUI;
				PRODUCT_NAME = "$(TARGET_NAME)";
				SKIP_INSTALL = YES;
				WARNING_CFLAGS = "-Wno-objc-designated-initializers";
			};
			name = Release;
		};
/* End XCBuildConfiguration section */

/* Begin XCConfigurationList section */
		554D992E1E903B5200E79BFA /* Build configuration list for PBXProject "GNUstepGUI" */ = {
			isa = XCConfigurationList;
			buildConfigurations = (
				554D993A1E903B5200E79BFA /* Debug */,
				554D993B1E903B5200E79BFA /* Release */,
			);
			defaultConfigurationIsVisible = 0;
			defaultConfigurationName = Release;
		};
		554D993C1E903B5200E79BFA /* Build configuration list for PBXNativeTarget "GNUstepGUI" */ = {
			isa = XCConfigurationList;
			buildConfigurations = (
				554D993D1E903B5200E79BFA /* Debug */,
				554D993E1E903B5200E79BFA /* Release */,
			);
			defaultConfigurationIsVisible = 0;
			defaultConfigurationName = Release;
		};
/* End XCConfigurationList section */
	};
	rootObject = 554D992B1E903B5200E79BFA /* Project object */;
}
